{
  "name": "dsh-plugin-product-subagents",
  "version": "0.3.1",
  "lockfileVersion": 3,
  "requires": true,
  "packages": {
    "": {
      "name": "dsh-plugin-product-subagents",
      "version": "0.3.1",
      "license": "MIT",
      "dependencies": {
        "@agentclientprotocol/sdk": "^0.25.0",
        "zod": "^3.23.0"
      },
      "engines": {
        "node": ">=18"
      },
      "peerDependencies": {
        "@deepseek-ai/cordis": "^4.0.1",
        "@deepseek-ai/dsh-subagent": "^0.1.0-rc.6",
        "@deepseek-ai/dsh-tools": "^0.1.0-rc.6"
      }
    },
    "node_modules/@agentclientprotocol/sdk": {
      "version": "0.25.1",
      "license": "Apache-2.0",
      "peerDependencies": {
        "zod": "^3.25.0 || ^4.0.0"
      }
    },
    "node_modules/@deepseek-ai/cordis": {
      "version": "4.0.1",
      "license": "MIT",
      "peer": true,
      "dependencies": {
        "@deepseek-ai/cosmokit": "^1.8.2",
        "@standard-schema/spec": "^1.1.0"
      },
      "bin": {
        "cordis": "bin.js"
      },
      "peerDependencies": {
        "@deepseek-ai/cordis-plugin-include": "^1.0.6",
        "@deepseek-ai/cordis-plugin-loader": "^1.0.2"
      },
      "peerDependenciesMeta": {
        "@deepseek-ai/cordis-plugin-include": {
          "optional": true
        },
        "@deepseek-ai/cordis-plugin-loader": {
          "optional": true
        }
      }
    },
    "node_modules/@deepseek-ai/cosmokit": {
      "version": "1.8.2",
      "license": "MIT",
      "peer": true
    },
    "node_modules/@deepseek-ai/dsh-agent": {
      "version": "0.1.0-rc.6",
      "license": "MIT",
      "peer": true,
      "peerDependencies": {
        "@deepseek-ai/cordis": "^4.0.1",
        "@deepseek-ai/dsh-invariants": "^0.1.0-rc.6",
        "@deepseek-ai/dsh-llm": "^0.1.0-rc.6",
        "@deepseek-ai/dsh-scope": "^0.1.0-rc.6",
        "@deepseek-ai/dsh-session": "^0.1.0-rc.6",
        "@deepseek-ai/dsh-system-prompt": "^0.1.0-rc.6",
        "@deepseek-ai/dsh-typert-protocol": "^0.1.0-rc.6"
      }
    },
    "node_modules/@deepseek-ai/dsh-attachment": {
      "version": "0.1.0-rc.6",
      "license": "MIT",
      "peer": true,
      "peerDependencies": {
        "@deepseek-ai/cordis": "^4.0.1",
        "@deepseek-ai/dsh-brand": "^0.1.0-rc.6",
        "@deepseek-ai/dsh-invariants": "^0.1.0-rc.6"
      }
    },
    "node_modules/@deepseek-ai/dsh-brand": {
      "version": "0.1.0-rc.6",
      "license": "MIT",
      "peer": true,
      "peerDependencies": {
        "@deepseek-ai/cordis": "^4.0.1",
        "@deepseek-ai/dsh-invariants": "^0.1.0-rc.6"
      }
    },
    "node_modules/@deepseek-ai/dsh-code-runtime": {
      "version": "0.1.0-rc.6",
      "license": "MIT",
      "peer": true,
      "peerDependencies": {
        "@deepseek-ai/cordis": "^4.0.1",
        "@deepseek-ai/dsh-invariants": "^0.1.0-rc.6"
      }
    },
    "node_modules/@deepseek-ai/dsh-invariants": {
      "version": "0.1.0-rc.6",
      "license": "MIT",
      "peer": true,
      "dependencies": {
        "@deepseek-ai/schemastery": "^3.18.1"
      },
      "peerDependencies": {
        "@deepseek-ai/cordis": "^4.0.1"
      }
    },
    "node_modules/@deepseek-ai/dsh-llm": {
      "version": "0.1.0-rc.6",
      "license": "MIT",
      "peer": true,
      "dependencies": {
        "@deepseek-ai/schemastery": "^3.18.1"
      },
      "peerDependencies": {
        "@deepseek-ai/cordis": "^4.0.1",
        "@deepseek-ai/dsh-attachment": "^0.1.0-rc.6",
        "@deepseek-ai/dsh-brand": "^0.1.0-rc.6",
        "@deepseek-ai/dsh-invariants": "^0.1.0-rc.6",
        "@deepseek-ai/dsh-timeout": "^0.1.0-rc.6"
      }
    },
    "node_modules/@deepseek-ai/dsh-scope": {
      "version": "0.1.0-rc.6",
      "license": "MIT",
      "peer": true,
      "peerDependencies": {
        "@deepseek-ai/cordis": "^4.0.1",
        "@deepseek-ai/dsh-invariants": "^0.1.0-rc.6"
      }
    },
    "node_modules/@deepseek-ai/dsh-session": {
      "version": "0.1.0-rc.6",
      "license": "MIT",
      "peer": true,
      "peerDependencies": {
        "@deepseek-ai/cordis": "^4.0.1",
        "@deepseek-ai/dsh-brand": "^0.1.0-rc.6",
        "@deepseek-ai/dsh-invariants": "^0.1.0-rc.6",
        "@deepseek-ai/dsh-llm": "^0.1.0-rc.6",
        "@deepseek-ai/dsh-scope": "^0.1.0-rc.6",
        "@deepseek-ai/dsh-typert-protocol": "^0.1.0-rc.6"
      }
    },
    "node_modules/@deepseek-ai/dsh-subagent": {
      "version": "0.1.0-rc.6",
      "license": "MIT",
      "peer": true,
      "dependencies": {
        "zod": "^4.4.3"
      },
      "peerDependencies": {
        "@deepseek-ai/cordis": "^4.0.1",
        "@deepseek-ai/dsh-agent": "^0.1.0-rc.6",
        "@deepseek-ai/dsh-agent-presets": "^0.1.0-rc.6",
        "@deepseek-ai/dsh-brand": "^0.1.0-rc.6",
        "@deepseek-ai/dsh-invariants": "^0.1.0-rc.6",
        "@deepseek-ai/dsh-jobs": "^0.1.0-rc.6",
        "@deepseek-ai/dsh-llm": "^0.1.0-rc.6",
        "@deepseek-ai/dsh-sandbox": "^0.1.0-rc.6",
        "@deepseek-ai/dsh-sandbox-policy": "^0.1.0-rc.6",
        "@deepseek-ai/dsh-scope": "^0.1.0-rc.6",
        "@deepseek-ai/dsh-session": "^0.1.0-rc.6",
        "@deepseek-ai/dsh-session-persistence": "^0.1.0-rc.6",
        "@deepseek-ai/dsh-session-projection": "^0.1.0-rc.6",
        "@deepseek-ai/dsh-session-projection-cache": "^0.1.0-rc.6",
        "@deepseek-ai/dsh-tools": "^0.1.0-rc.6",
        "@deepseek-ai/dsh-user-approval": "^0.1.0-rc.6"
      },
      "peerDependenciesMeta": {
        "@deepseek-ai/dsh-agent-presets": {
          "optional": true
        },
        "@deepseek-ai/dsh-jobs": {
          "optional": true
        },
        "@deepseek-ai/dsh-sandbox": {
          "optional": true
        },
        "@deepseek-ai/dsh-sandbox-policy": {
          "optional": true
        },
        "@deepseek-ai/dsh-session-persistence": {
          "optional": true
        },
        "@deepseek-ai/dsh-session-projection": {
          "optional": true
        },
        "@deepseek-ai/dsh-session-projection-cache": {
          "optional": true
        },
        "@deepseek-ai/dsh-user-approval": {
          "optional": true
        }
      }
    },
    "node_modules/@deepseek-ai/dsh-subagent/node_modules/zod": {
      "version": "4.4.3",
      "license": "MIT",
      "peer": true,
      "funding": {
        "url": "https://github.com/sponsors/colinhacks"
      }
    },
    "node_modules/@deepseek-ai/dsh-system-prompt": {
      "version": "0.1.0-rc.6",
      "license": "MIT",
      "peer": true,
      "dependencies": {
        "@deepseek-ai/schemastery": "^3.18.1"
      },
      "peerDependencies": {
        "@deepseek-ai/cordis": "^4.0.1",
        "@deepseek-ai/dsh-invariants": "^0.1.0-rc.6",
        "@deepseek-ai/dsh-llm": "^0.1.0-rc.6",
        "@deepseek-ai/dsh-scope": "^0.1.0-rc.6"
      }
    },
    "node_modules/@deepseek-ai/dsh-timeout": {
      "version": "0.1.0-rc.6",
      "license": "MIT",
      "peer": true,
      "peerDependencies": {
        "@deepseek-ai/cordis": "^4.0.1",
        "@deepseek-ai/dsh-invariants": "^0.1.0-rc.6"
      }
    },
    "node_modules/@deepseek-ai/dsh-tools": {
      "version": "0.1.0-rc.6",
      "license": "MIT",
      "peer": true,
      "dependencies": {
        "@deepseek-ai/schemastery": "^3.18.1"
      },
      "peerDependencies": {
        "@deepseek-ai/cordis": "^4.0.1",
        "@deepseek-ai/dsh-agent": "^0.1.0-rc.6",
        "@deepseek-ai/dsh-code-runtime": "^0.1.0-rc.6",
        "@deepseek-ai/dsh-invariants": "^0.1.0-rc.6",
        "@deepseek-ai/dsh-llm": "^0.1.0-rc.6",
        "@deepseek-ai/dsh-scope": "^0.1.0-rc.6",
        "@deepseek-ai/dsh-session": "^0.1.0-rc.6",
        "@deepseek-ai/dsh-system-prompt": "^0.1.0-rc.6",
        "@deepseek-ai/dsh-user-approval": "^0.1.0-rc.6"
      }
    },
    "node_modules/@deepseek-ai/dsh-typert-protocol": {
      "version": "0.1.0-rc.6",
      "license": "MIT",
      "peer": true,
      "peerDependencies": {
        "@deepseek-ai/cordis": "^4.0.1",
        "@deepseek-ai/dsh-invariants": "^0.1.0-rc.6"
      }
    },
    "node_modules/@deepseek-ai/dsh-user-approval": {
      "version": "0.1.0-rc.6",
      "license": "MIT",
      "peer": true,
      "dependencies": {
        "@deepseek-ai/schemastery": "^3.18.1"
      },
      "peerDependencies": {
        "@deepseek-ai/cordis": "^4.0.1",
        "@deepseek-ai/dsh-agent": "^0.1.0-rc.6",
        "@deepseek-ai/dsh-brand": "^0.1.0-rc.6",
        "@deepseek-ai/dsh-invariants": "^0.1.0-rc.6",
        "@deepseek-ai/dsh-llm": "^0.1.0-rc.6",
        "@deepseek-ai/dsh-scope": "^0.1.0-rc.6",
        "@deepseek-ai/dsh-session": "^0.1.0-rc.6",
        "@deepseek-ai/dsh-system-prompt": "^0.1.0-rc.6"
      }
    },
    "node_modules/@deepseek-ai/schemastery": {
      "version": "3.18.1",
      "license": "MIT",
      "peer": true,
      "dependencies": {
        "@deepseek-ai/cosmokit": "^1.8.2",
        "@standard-schema/spec": "^1.1.0"
      }
    },
    "node_modules/@standard-schema/spec": {
      "version": "1.1.0",
      "license": "MIT",
      "peer": true
    },
    "node_modules/zod": {
      "version": "3.25.76",
      "license": "MIT",
      "funding": {
        "url": "https://github.com/sponsors/colinhacks"
      }
    }
  }
}
